// !$*UTF8*$!
{
	archiveVersion = 1;
	classes = {
	};
	objectVersion = 56;
	objects = {

/* Begin PBXBuildFile section */
		4AC2C2F328F236BA009E5A3C /* DrawingDetectionApp.swift in Sources */ = {isa = PBXBuildFile; fileRef = 4AC2C2F228F236BA009E5A3C /* DrawingDetectionApp.swift */; };
		4AC2C2F528F236BA009E5A3C /* ContentView.swift in Sources */ = {isa = PBXBuildFile; fileRef = 4AC2C2F428F236BA009E5A3C /* ContentView.swift */; };
		4AC2C2F728F236BE009E5A3C /* Assets.xcassets in Resources */ = {isa = PBXBuildFile; fileRef = 4AC2C2F628F236BE009E5A3C /* Assets.xcassets */; };
		4AC2C2FA28F236BE009E5A3C /* Preview Assets.xcassets in Resources */ = {isa = PBXBuildFile; fileRef = 4AC2C2F928F236BE009E5A3C /* Preview Assets.xcassets */; };
		4AC2C30128F23A98009E5A3C /* DrawingClassifierModel.mlmodel in Sources */ = {isa = PBXBuildFile; fileRef = 4AC2C30028F23A98009E5A3C /* DrawingClassifierModel.mlmodel */; };
		4AC2C30328F23ABE009E5A3C /* Images.swift in Sources */ = {isa = PBXBuildFile; fileRef = 4AC2C30228F23ABE009E5A3C /* Images.swift */; };
		4AC2C30528F23D80009E5A3C /* Drawing.swift in Sources */ = {isa = PBXBuildFile; fileRef = 4AC2C30428F23D80009E5A3C /* Drawing.swift */; };
		4AC2C30728F24A6C009E5A3C /* Views.swift in Sources */ = {isa = PBXBuildFile; fileRef = 4AC2C30628F24A6C009E5A3C /* Views.swift */; };
/* End PBXBuildFile section */

/* Begin PBXFileReference section */
		4AC2C2EF28F236BA009E5A3C /* DrawingDetection.app */ = {isa = PBXFileReference; explicitFileType = wrapper.application; includeInIndex = 0; path = DrawingDetection.app; sourceTree = BUILT_PRODUCTS_DIR; };
		4AC2C2F228F236BA009E5A3C /* DrawingDetectionApp.swift */ = {isa = PBXFileReference; lastKnownFileType = sourcecode.swift; path = DrawingDetectionApp.swift; sourceTree = "<group>"; };
		4AC2C2F428F236BA009E5A3C /* ContentView.swift */ = {isa = PBXFileReference; lastKnownFileType = sourcecode.swift; path = ContentView.swift; sourceTree = "<group>"; };
		4AC2C2F628F236BE009E5A3C /* Assets.xcassets */ = {isa = PBXFileReference; lastKnownFileType = folder.assetcatalog; path = Assets.xcassets; sourceTree = "<group>"; };
		4AC2C2F928F236BE009E5A3C /* Preview Assets.xcassets */ = {isa = PBXFileReference; lastKnownFileType = folder.assetcatalog; path = "Preview Assets.xcassets"; sourceTree = "<group>"; };
		4AC2C30028F23A98009E5A3C /* DrawingClassifierModel.mlmodel */ = {isa = PBXFileReference; lastKnownFileType = file.mlmodel; name = DrawingClassifierModel.mlmodel; path = "../../../../PracticalAIwithSwift1stEd-Code/Chapter 4 - Vision/Drawing Detection/DDDemo-Photos/DDDemo/DrawingClassifierModel.mlmodel"; sourceTree = "<group>"; };
		4AC2C30228F23ABE009E5A3C /* Images.swift */ = {isa = PBXFileReference; lastKnownFileType = sourcecode.swift; path = Images.swift; sourceTree = "<group>"; };
		4AC2C30428F23D80009E5A3C /* Drawing.swift */ = {isa = PBXFileReference; lastKnownFileType = sourcecode.swift; path = Drawing.swift; sourceTree = "<group>"; };
		4AC2C30628F24A6C009E5A3C /* Views.swift */ = {isa = PBXFileReference; lastKnownFileType = sourcecode.swift; path = Views.swift; sourceTree = "<group>"; };
/* End PBXFileReference section */

/* Begin PBXFrameworksBuildPhase section */
		4AC2C2EC28F236BA009E5A3C /* Frameworks */ = {
			isa = PBXFrameworksBuildPhase;
			buildActionMask = 2147483647;
			files = (
			);
			runOnlyForDeploymentPostprocessing = 0;
		};
/* End PBXFrameworksBuildPhase section */

/* Begin PBXGroup section */
		4AC2C2E628F236BA009E5A3C = {
			isa = PBXGroup;
			children = (
				4AC2C2F128F236BA009E5A3C /* DrawingDetection */,
				4AC2C2F028F236BA009E5A3C /* Products */,
			);
			sourceTree = "<group>";
		};
		4AC2C2F028F236BA009E5A3C /* Products */ = {
			isa = PBXGroup;
			children = (
				4AC2C2EF28F236BA009E5A3C /* DrawingDetection.app */,
			);
			name = Products;
			sourceTree = "<group>";
		};
		4AC2C2F128F236BA009E5A3C /* DrawingDetection */ = {
			isa = PBXGroup;
			children = (
				4AC2C30028F23A98009E5A3C /* DrawingClassifierModel.mlmodel */,
				4AC2C2F228F236BA009E5A3C /* DrawingDetectionApp.swift */,
				4AC2C2F428F236BA009E5A3C /* ContentView.swift */,
				4AC2C30228F23ABE009E5A3C /* Images.swift */,
				4AC2C30428F23D80009E5A3C /* Drawing.swift */,
				4AC2C30628F24A6C009E5A3C /* Views.swift */,
				4AC2C2F628F236BE009E5A3C /* Assets.xcassets */,
				4AC2C2F828F236BE009E5A3C /* Preview Content */,
			);
			path = DrawingDetection;
			sourceTree = "<group>";
		};
		4AC2C2F828F236BE009E5A3C /* Preview Content */ = {
			isa = PBXGroup;
			children = (
				4AC2C2F928F236BE009E5A3C /* Preview Assets.xcassets */,
			);
			path = "Preview Content";
			sourceTree = "<group>";
		};
/* End PBXGroup section */

/* Begin PBXNativeTarget section */
		4AC2C2EE28F236BA009E5A3C /* DrawingDetection */ = {
			isa = PBXNativeTarget;
			buildConfigurationList = 4AC2C2FD28F236BE009E5A3C /* Build configuration list for PBXNativeTarget "DrawingDetection" */;
			buildPhases = (
				4AC2C2EB28F236BA009E5A3C /* Sources */,
				4AC2C2EC28F236BA009E5A3C /* Frameworks */,
				4AC2C2ED28F236BA009E5A3C /* Resources */,
			);
			buildRules = (
			);
			dependencies = (
			);
			name = DrawingDetection;
			productName = DrawingDetection;
			productReference = 4AC2C2EF28F236BA009E5A3C /* DrawingDetection.app */;
			productType = "com.apple.product-type.application";
		};
/* End PBXNativeTarget section */

/* Begin PBXProject section */
		4AC2C2E728F236BA009E5A3C /* Project object */ = {
			isa = PBXProject;
			attributes = {
				BuildIndependentTargetsInParallel = 1;
				LastSwiftUpdateCheck = 1400;
				LastUpgradeCheck = 1400;
				TargetAttributes = {
					4AC2C2EE28F236BA009E5A3C = {
						CreatedOnToolsVersion = 14.0;
					};
				};
			};
			buildConfigurationList = 4AC2C2EA28F236BA009E5A3C /* Build configuration list for PBXProject "DrawingDetection" */;
			compatibilityVersion = "Xcode 14.0";
			developmentRegion = en;
			hasScannedForEncodings = 0;
			knownRegions = (
				en,
				Base,
			);
			mainGroup = 4AC2C2E628F236BA009E5A3C;
			productRefGroup = 4AC2C2F028F236BA009E5A3C /* Products */;
			projectDirPath = "";
			projectRoot = "";
			targets = (
				4AC2C2EE28F236BA009E5A3C /* DrawingDetection */,
			);
		};
/* End PBXProject section */

/* Begin PBXResourcesBuildPhase section */
		4AC2C2ED28F236BA009E5A3C /* Resources */ = {
			isa = PBXResourcesBuildPhase;
			buildActionMask = 2147483647;
			files = (
				4AC2C2FA28F236BE009E5A3C /* Preview Assets.xcassets in Resources */,
				4AC2C2F728F236BE009E5A3C /* Assets.xcassets in Resources */,
			);
			runOnlyForDeploymentPostprocessing = 0;
		};
/* End PBXResourcesBuildPhase section */

/* Begin PBXSourcesBuildPhase section */
		4AC2C2EB28F236BA009E5A3C /* Sources */ = {
			isa = PBXSourcesBuildPhase;
			buildActionMask = 2147483647;
			files = (
				4AC2C30128F23A98009E5A3C /* DrawingClassifierModel.mlmodel in Sources */,
				4AC2C30328F23ABE009E5A3C /* Images.swift in Sources */,
				4AC2C30728F24A6C009E5A3C /* Views.swift in Sources */,
				4AC2C2F528F236BA009E5A3C /* ContentView.swift in Sources */,
				4AC2C2F328F236BA009E5A3C /* DrawingDetectionApp.swift in Sources */,
				4AC2C30528F23D80009E5A3C /* Drawing.swift in Sources */,
			);
			runOnlyForDeploymentPostprocessing = 0;
		};
/* End PBXSourcesBuildPhase section */

/* Begin XCBuildConfiguration section */
		4AC2C2FB28F236BE009E5A3C /* Debug */ = {
			isa = XCBuildConfiguration;
			buildSettings = {
				ALWAYS_SEARCH_USER_PATHS = NO;
				CLANG_ANALYZER_NONNULL = YES;
				CLANG_ANALYZER_NUMBER_OBJECT_CONVERSION = YES_AGGRESSIVE;
				CLANG_CXX_LANGUAGE_STANDARD = "gnu++20";
				CLANG_ENABLE_MODULES = YES;
				CLANG_ENABLE_OBJC_ARC = YES;
				CLANG_ENABLE_OBJC_WEAK = YES;
				CLANG_WARN_BLOCK_CAPTURE_AUTORELEASING = YES;
				CLANG_WARN_BOOL_CONVERSION = YES;
				CLANG_WARN_COMMA = YES;
				CLANG_WARN_CONSTANT_CONVERSION = YES;
				CLANG_WARN_DEPRECATED_OBJC_IMPLEMENTATIONS = YES;
				CLANG_WARN_DIRECT_OBJC_ISA_USAGE = YES_ERROR;
				CLANG_WARN_DOCUMENTATION_COMMENTS = YES;
				CLANG_WARN_EMPTY_BODY = YES;
				CLANG_WARN_ENUM_CONVERSION = YES;
				CLANG_WARN_INFINITE_RECURSION = YES;
				CLANG_WARN_INT_CONVERSION = YES;
				CLANG_WARN_NON_LITERAL_NULL_CONVERSION = YES;
				CLANG_WARN_OBJC_IMPLICIT_RETAIN_SELF = YES;
				CLANG_WARN_OBJC_LITERAL_CONVERSION = YES;
				CLANG_WARN_OBJC_ROOT_CLASS = YES_ERROR;
				CLANG_WARN_QUOTED_INCLUDE_IN_FRAMEWORK_HEADER = YES;
				CLANG_WARN_RANGE_LOOP_ANALYSIS = YES;
				CLANG_WARN_STRICT_PROTOTYPES = YES;
				CLANG_WARN_SUSPICIOUS_MOVE = YES;
				CLANG_WARN_UNGUARDED_AVAILABILITY = YES_AGGRESSIVE;
				CLANG_WARN_UNREACHABLE_CODE = YES;
				CLANG_WARN__DUPLICATE_METHOD_MATCH = YES;
				COPY_PHASE_STRIP = NO;
				DEBUG_INFORMATION_FORMAT = dwarf;
				ENABLE_STRICT_OBJC_MSGSEND = YES;
				ENABLE_TESTABILITY = YES;
				GCC_C_LANGUAGE_STANDARD = gnu11;
				GCC_DYNAMIC_NO_PIC = NO;
				GCC_NO_COMMON_BLOCKS = YES;
				GCC_OPTIMIZATION_LEVEL = 0;
				GCC_PREPROCESSOR_DEFINITIONS = (
					"DEBUG=1",
					"$(inherited)",
				);
				GCC_WARN_64_TO_32_BIT_CONVERSION = YES;
				GCC_WARN_ABOUT_RETURN_TYPE = YES_ERROR;
				GCC_WARN_UNDECLARED_SELECTOR = YES;
				GCC_WARN_UNINITIALIZED_AUTOS = YES_AGGRESSIVE;
				GCC_WARN_UNUSED_FUNCTION = YES;
				GCC_WARN_UNUSED_VARIABLE = YES;
				IPHONEOS_DEPLOYMENT_TARGET = 16.0;
				MTL_ENABLE_DEBUG_INFO = INCLUDE_SOURCE;
				MTL_FAST_MATH = YES;
				ONLY_ACTIVE_ARCH = YES;
				SDKROOT = iphoneos;
				SWIFT_ACTIVE_COMPILATION_CONDITIONS = DEBUG;
				SWIFT_OPTIMIZATION_LEVEL = "-Onone";
			};
			name = Debug;
		};
		4AC2C2FC28F236BE009E5A3C /* Release */ = {
			isa = XCBuildConfiguration;
			buildSettings = {
				ALWAYS_SEARCH_USER_PATHS = NO;
				CLANG_ANALYZER_NONNULL = YES;
				CLANG_ANALYZER_NUMBER_OBJECT_CONVERSION = YES_AGGRESSIVE;
				CLANG_CXX_LANGUAGE_STANDARD = "gnu++20";
				CLANG_ENABLE_MODULES = YES;
				CLANG_ENABLE_OBJC_ARC = YES;
				CLANG_ENABLE_OBJC_WEAK = YES;
				CLANG_WARN_BLOCK_CAPTURE_AUTORELEASING = YES;
				CLANG_WARN_BOOL_CONVERSION = YES;
				CLANG_WARN_COMMA = YES;
				CLANG_WARN_CONSTANT_CONVERSION = YES;
				CLANG_WARN_DEPRECATED_OBJC_IMPLEMENTATIONS = YES;
				CLANG_WARN_DIRECT_OBJC_ISA_USAGE = YES_ERROR;
				CLANG_WARN_DOCUMENTATION_COMMENTS = YES;
				CLANG_WARN_EMPTY_BODY = YES;
				CLANG_WARN_ENUM_CONVERSION = YES;
				CLANG_WARN_INFINITE_RECURSION = YES;
				CLANG_WARN_INT_CONVERSION = YES;
				CLANG_WARN_NON_LITERAL_NULL_CONVERSION = YES;
				CLANG_WARN_OBJC_IMPLICIT_RETAIN_SELF = YES;
				CLANG_WARN_OBJC_LITERAL_CONVERSION = YES;
				CLANG_WARN_OBJC_ROOT_CLASS = YES_ERROR;
				CLANG_WARN_QUOTED_INCLUDE_IN_FRAMEWORK_HEADER = YES;
				CLANG_WARN_RANGE_LOOP_ANALYSIS = YES;
				CLANG_WARN_STRICT_PROTOTYPES = YES;
				CLANG_WARN_SUSPICIOUS_MOVE = YES;
				CLANG_WARN_UNGUARDED_AVAILABILITY = YES_AGGRESSIVE;
				CLANG_WARN_UNREACHABLE_CODE = YES;
				CLANG_WARN__DUPLICATE_METHOD_MATCH = YES;
				COPY_PHASE_STRIP = NO;
				DEBUG_INFORMATION_FORMAT = "dwarf-with-dsym";
				ENABLE_NS_ASSERTIONS = NO;
				ENABLE_STRICT_OBJC_MSGSEND = YES;
				GCC_C_LANGUAGE_STANDARD = gnu11;
				GCC_NO_COMMON_BLOCKS = YES;
				GCC_WARN_64_TO_32_BIT_CONVERSION = YES;
				GCC_WARN_ABOUT_RETURN_TYPE = YES_ERROR;
				GCC_WARN_UNDECLARED_SELECTOR = YES;
				GCC_WARN_UNINITIALIZED_AUTOS = YES_AGGRESSIVE;
				GCC_WARN_UNUSED_FUNCTION = YES;
				GCC_WARN_UNUSED_VARIABLE = YES;
				IPHONEOS_DEPLOYMENT_TARGET = 16.0;
				MTL_ENABLE_DEBUG_INFO = NO;
				MTL_FAST_MATH = YES;
				SDKROOT = iphoneos;
				SWIFT_COMPILATION_MODE = wholemodule;
				SWIFT_OPTIMIZATION_LEVEL = "-O";
				VALIDATE_PRODUCT = YES;
			};
			name = Release;
		};
		4AC2C2FE28F236BE009E5A3C /* Debug */ = {
			isa = XCBuildConfiguration;
			buildSettings = {
				ASSETCATALOG_COMPILER_APPICON_NAME = AppIcon;
				ASSETCATALOG_COMPILER_GLOBAL_ACCENT_COLOR_NAME = AccentColor;
				CODE_SIGN_STYLE = Automatic;
				CURRENT_PROJECT_VERSION = 1;
				DEVELOPMENT_ASSET_PATHS = "\"DrawingDetection/Preview Content\"";
				DEVELOPMENT_TEAM = 96B293Z3Y9;
				ENABLE_PREVIEWS = YES;
				GENERATE_INFOPLIST_FILE = YES;
				INFOPLIST_KEY_NSCameraUsageDescription = "Can i use Camera?";
				INFOPLIST_KEY_UIApplicationSceneManifest_Generation = YES;
				INFOPLIST_KEY_UIApplicationSupportsIndirectInputEvents = YES;
				INFOPLIST_KEY_UILaunchScreen_Generation = YES;
				INFOPLIST_KEY_UISupportedInterfaceOrientations_iPad = "UIInterfaceOrientationPortrait UIInterfaceOrientationPortraitUpsideDown UIInterfaceOrientationLandscapeLeft UIInterfaceOrientationLandscapeRight";
				INFOPLIST_KEY_UISupportedInterfaceOrientations_iPhone = "UIInterfaceOrientationPortrait UIInterfaceOrientationLandscapeLeft UIInterfaceOrientationLandscapeRight";
				LD_RUNPATH_SEARCH_PATHS = (
					"$(inherited)",
					"@executable_path/Frameworks",
				);
				MARKETING_VERSION = 1.0;
				PRODUCT_BUNDLE_IDENTIFIER = mystic.DrawingDetection;
				PRODUCT_NAME = "$(TARGET_NAME)";
				SWIFT_EMIT_LOC_STRINGS = YES;
				SWIFT_VERSION = 5.0;
				TARGETED_DEVICE_FAMILY = "1,2";
			};
			name = Debug;
		};
		4AC2C2FF28F236BE009E5A3C /* Release */ = {
			isa = XCBuildConfiguration;
			buildSettings = {
				ASSETCATALOG_COMPILER_APPICON_NAME = AppIcon;
				ASSETCATALOG_COMPILER_GLOBAL_ACCENT_COLOR_NAME = AccentColor;
				CODE_SIGN_STYLE = Automatic;
				CURRENT_PROJECT_VERSION = 1;
				DEVELOPMENT_ASSET_PATHS = "\"DrawingDetection/Preview Content\"";
				DEVELOPMENT_TEAM = 96B293Z3Y9;
				ENABLE_PREVIEWS = YES;
				GENERATE_INFOPLIST_FILE = YES;
				INFOPLIST_KEY_NSCameraUsageDescription = "Can i use Camera?";
				INFOPLIST_KEY_UIApplicationSceneManifest_Generation = YES;
				INFOPLIST_KEY_UIApplicationSupportsIndirectInputEvents = YES;
				INFOPLIST_KEY_UILaunchScreen_Generation = YES;
				INFOPLIST_KEY_UISupportedInterfaceOrientations_iPad = "UIInterfaceOrientationPortrait UIInterfaceOrientationPortraitUpsideDown UIInterfaceOrientationLandscapeLeft UIInterfaceOrientationLandscapeRight";
				INFOPLIST_KEY_UISupportedInterfaceOrientations_iPhone = "UIInterfaceOrientationPortrait UIInterfaceOrientationLandscapeLeft UIInterfaceOrientationLandscapeRight";
				LD_RUNPATH_SEARCH_PATHS = (
					"$(inherited)",
					"@executable_path/Frameworks",
				);
				MARKETING_VERSION = 1.0;
				PRODUCT_BUNDLE_IDENTIFIER = mystic.DrawingDetection;
				PRODUCT_NAME = "$(TARGET_NAME)";
				SWIFT_EMIT_LOC_STRINGS = YES;
				SWIFT_VERSION = 5.0;
				TARGETED_DEVICE_FAMILY = "1,2";
			};
			name = Release;
		};
/* End XCBuildConfiguration section */

/* Begin XCConfigurationList section */
		4AC2C2EA28F236BA009E5A3C /* Build configuration list for PBXProject "DrawingDetection" */ = {
			isa = XCConfigurationList;
			buildConfigurations = (
				4AC2C2FB28F236BE009E5A3C /* Debug */,
				4AC2C2FC28F236BE009E5A3C /* Release */,
			);
			defaultConfigurationIsVisible = 0;
			defaultConfigurationName = Release;
		};
		4AC2C2FD28F236BE009E5A3C /* Build configuration list for PBXNativeTarget "DrawingDetection" */ = {
			isa = XCConfigurationList;
			buildConfigurations = (
				4AC2C2FE28F236BE009E5A3C /* Debug */,
				4AC2C2FF28F236BE009E5A3C /* Release */,
			);
			defaultConfigurationIsVisible = 0;
			defaultConfigurationName = Release;
		};
/* End XCConfigurationList section */
	};
	rootObject = 4AC2C2E728F236BA009E5A3C /* Project object */;
}
