// !$*UTF8*$!
{
	archiveVersion = 1;
	classes = {
	};
	objectVersion = 56;
	objects = {

/* Begin PBXBuildFile section */
		4A02D9882C0080440061C1CC /* ImageSegmentationApp.swift in Sources */ = {isa = PBXBuildFile; fileRef = 4A02D9872C0080440061C1CC /* ImageSegmentationApp.swift */; };
		4A02D98A2C0080440061C1CC /* ContentView.swift in Sources */ = {isa = PBXBuildFile; fileRef = 4A02D9892C0080440061C1CC /* ContentView.swift */; };
		4A02D98C2C0080450061C1CC /* Assets.xcassets in Resources */ = {isa = PBXBuildFile; fileRef = 4A02D98B2C0080450061C1CC /* Assets.xcassets */; };
		4A02D98F2C0080450061C1CC /* Preview Assets.xcassets in Resources */ = {isa = PBXBuildFile; fileRef = 4A02D98E2C0080450061C1CC /* Preview Assets.xcassets */; };
		4A02D9962C0081C10061C1CC /* DeepLabV3.mlmodel in Sources */ = {isa = PBXBuildFile; fileRef = 4A02D9952C0081C10061C1CC /* DeepLabV3.mlmodel */; };
		4A32EB952C00B74300D5ADA3 /* Array+Extensions.swift in Sources */ = {isa = PBXBuildFile; fileRef = 4A32EB832C00B74300D5ADA3 /* Array+Extensions.swift */; };
		4A32EB962C00B74300D5ADA3 /* CGImage+CVPixelBuffer.swift in Sources */ = {isa = PBXBuildFile; fileRef = 4A32EB842C00B74300D5ADA3 /* CGImage+CVPixelBuffer.swift */; };
		4A32EB972C00B74300D5ADA3 /* CGImage+RawBytes.swift in Sources */ = {isa = PBXBuildFile; fileRef = 4A32EB852C00B74300D5ADA3 /* CGImage+RawBytes.swift */; };
		4A32EB982C00B74300D5ADA3 /* CGImagePropertyOrientation.swift in Sources */ = {isa = PBXBuildFile; fileRef = 4A32EB862C00B74300D5ADA3 /* CGImagePropertyOrientation.swift */; };
		4A32EB992C00B74300D5ADA3 /* CoreML+Combine.swift in Sources */ = {isa = PBXBuildFile; fileRef = 4A32EB872C00B74300D5ADA3 /* CoreML+Combine.swift */; };
		4A32EB9A2C00B74300D5ADA3 /* CVPixelBuffer+Create.swift in Sources */ = {isa = PBXBuildFile; fileRef = 4A32EB882C00B74300D5ADA3 /* CVPixelBuffer+Create.swift */; };
		4A32EB9B2C00B74300D5ADA3 /* CVPixelBuffer+Resize.swift in Sources */ = {isa = PBXBuildFile; fileRef = 4A32EB892C00B74300D5ADA3 /* CVPixelBuffer+Resize.swift */; };
		4A32EB9C2C00B74300D5ADA3 /* CVPixelBuffer+Rotate.swift in Sources */ = {isa = PBXBuildFile; fileRef = 4A32EB8A2C00B74300D5ADA3 /* CVPixelBuffer+Rotate.swift */; };
		4A32EB9D2C00B74300D5ADA3 /* Math.swift in Sources */ = {isa = PBXBuildFile; fileRef = 4A32EB8B2C00B74300D5ADA3 /* Math.swift */; };
		4A32EB9E2C00B74300D5ADA3 /* MLModel+Images.swift in Sources */ = {isa = PBXBuildFile; fileRef = 4A32EB8C2C00B74300D5ADA3 /* MLModel+Images.swift */; };
		4A32EB9F2C00B74300D5ADA3 /* MLMultiArray+Helpers.swift in Sources */ = {isa = PBXBuildFile; fileRef = 4A32EB8D2C00B74300D5ADA3 /* MLMultiArray+Helpers.swift */; };
		4A32EBA02C00B74300D5ADA3 /* MLMultiArray+Image.swift in Sources */ = {isa = PBXBuildFile; fileRef = 4A32EB8E2C00B74300D5ADA3 /* MLMultiArray+Image.swift */; };
		4A32EBA12C00B74300D5ADA3 /* NonMaxSuppression.swift in Sources */ = {isa = PBXBuildFile; fileRef = 4A32EB8F2C00B74300D5ADA3 /* NonMaxSuppression.swift */; };
		4A32EBA22C00B74300D5ADA3 /* Predictions.swift in Sources */ = {isa = PBXBuildFile; fileRef = 4A32EB902C00B74300D5ADA3 /* Predictions.swift */; };
		4A32EBA32C00B74300D5ADA3 /* UIImage+CVPixelBuffer.swift in Sources */ = {isa = PBXBuildFile; fileRef = 4A32EB912C00B74300D5ADA3 /* UIImage+CVPixelBuffer.swift */; };
		4A32EBA42C00B74300D5ADA3 /* UIImage+Extensions.swift in Sources */ = {isa = PBXBuildFile; fileRef = 4A32EB922C00B74300D5ADA3 /* UIImage+Extensions.swift */; };
		4A32EBA52C00B74300D5ADA3 /* UIImage+RawBytes.swift in Sources */ = {isa = PBXBuildFile; fileRef = 4A32EB932C00B74300D5ADA3 /* UIImage+RawBytes.swift */; };
/* End PBXBuildFile section */

/* Begin PBXFileReference section */
		4A02D9842C0080440061C1CC /* ImageSegmentation.app */ = {isa = PBXFileReference; explicitFileType = wrapper.application; includeInIndex = 0; path = ImageSegmentation.app; sourceTree = BUILT_PRODUCTS_DIR; };
		4A02D9872C0080440061C1CC /* ImageSegmentationApp.swift */ = {isa = PBXFileReference; lastKnownFileType = sourcecode.swift; path = ImageSegmentationApp.swift; sourceTree = "<group>"; };
		4A02D9892C0080440061C1CC /* ContentView.swift */ = {isa = PBXFileReference; lastKnownFileType = sourcecode.swift; path = ContentView.swift; sourceTree = "<group>"; };
		4A02D98B2C0080450061C1CC /* Assets.xcassets */ = {isa = PBXFileReference; lastKnownFileType = folder.assetcatalog; path = Assets.xcassets; sourceTree = "<group>"; };
		4A02D98E2C0080450061C1CC /* Preview Assets.xcassets */ = {isa = PBXFileReference; lastKnownFileType = folder.assetcatalog; path = "Preview Assets.xcassets"; sourceTree = "<group>"; };
		4A02D9952C0081C10061C1CC /* DeepLabV3.mlmodel */ = {isa = PBXFileReference; lastKnownFileType = file.mlmodel; path = DeepLabV3.mlmodel; sourceTree = "<group>"; };
		4A32EB832C00B74300D5ADA3 /* Array+Extensions.swift */ = {isa = PBXFileReference; fileEncoding = 4; lastKnownFileType = sourcecode.swift; path = "Array+Extensions.swift"; sourceTree = "<group>"; };
		4A32EB842C00B74300D5ADA3 /* CGImage+CVPixelBuffer.swift */ = {isa = PBXFileReference; fileEncoding = 4; lastKnownFileType = sourcecode.swift; path = "CGImage+CVPixelBuffer.swift"; sourceTree = "<group>"; };
		4A32EB852C00B74300D5ADA3 /* CGImage+RawBytes.swift */ = {isa = PBXFileReference; fileEncoding = 4; lastKnownFileType = sourcecode.swift; path = "CGImage+RawBytes.swift"; sourceTree = "<group>"; };
		4A32EB862C00B74300D5ADA3 /* CGImagePropertyOrientation.swift */ = {isa = PBXFileReference; fileEncoding = 4; lastKnownFileType = sourcecode.swift; path = CGImagePropertyOrientation.swift; sourceTree = "<group>"; };
		4A32EB872C00B74300D5ADA3 /* CoreML+Combine.swift */ = {isa = PBXFileReference; fileEncoding = 4; lastKnownFileType = sourcecode.swift; path = "CoreML+Combine.swift"; sourceTree = "<group>"; };
		4A32EB882C00B74300D5ADA3 /* CVPixelBuffer+Create.swift */ = {isa = PBXFileReference; fileEncoding = 4; lastKnownFileType = sourcecode.swift; path = "CVPixelBuffer+Create.swift"; sourceTree = "<group>"; };
		4A32EB892C00B74300D5ADA3 /* CVPixelBuffer+Resize.swift */ = {isa = PBXFileReference; fileEncoding = 4; lastKnownFileType = sourcecode.swift; path = "CVPixelBuffer+Resize.swift"; sourceTree = "<group>"; };
		4A32EB8A2C00B74300D5ADA3 /* CVPixelBuffer+Rotate.swift */ = {isa = PBXFileReference; fileEncoding = 4; lastKnownFileType = sourcecode.swift; path = "CVPixelBuffer+Rotate.swift"; sourceTree = "<group>"; };
		4A32EB8B2C00B74300D5ADA3 /* Math.swift */ = {isa = PBXFileReference; fileEncoding = 4; lastKnownFileType = sourcecode.swift; path = Math.swift; sourceTree = "<group>"; };
		4A32EB8C2C00B74300D5ADA3 /* MLModel+Images.swift */ = {isa = PBXFileReference; fileEncoding = 4; lastKnownFileType = sourcecode.swift; path = "MLModel+Images.swift"; sourceTree = "<group>"; };
		4A32EB8D2C00B74300D5ADA3 /* MLMultiArray+Helpers.swift */ = {isa = PBXFileReference; fileEncoding = 4; lastKnownFileType = sourcecode.swift; path = "MLMultiArray+Helpers.swift"; sourceTree = "<group>"; };
		4A32EB8E2C00B74300D5ADA3 /* MLMultiArray+Image.swift */ = {isa = PBXFileReference; fileEncoding = 4; lastKnownFileType = sourcecode.swift; path = "MLMultiArray+Image.swift"; sourceTree = "<group>"; };
		4A32EB8F2C00B74300D5ADA3 /* NonMaxSuppression.swift */ = {isa = PBXFileReference; fileEncoding = 4; lastKnownFileType = sourcecode.swift; path = NonMaxSuppression.swift; sourceTree = "<group>"; };
		4A32EB902C00B74300D5ADA3 /* Predictions.swift */ = {isa = PBXFileReference; fileEncoding = 4; lastKnownFileType = sourcecode.swift; path = Predictions.swift; sourceTree = "<group>"; };
		4A32EB912C00B74300D5ADA3 /* UIImage+CVPixelBuffer.swift */ = {isa = PBXFileReference; fileEncoding = 4; lastKnownFileType = sourcecode.swift; path = "UIImage+CVPixelBuffer.swift"; sourceTree = "<group>"; };
		4A32EB922C00B74300D5ADA3 /* UIImage+Extensions.swift */ = {isa = PBXFileReference; fileEncoding = 4; lastKnownFileType = sourcecode.swift; path = "UIImage+Extensions.swift"; sourceTree = "<group>"; };
		4A32EB932C00B74300D5ADA3 /* UIImage+RawBytes.swift */ = {isa = PBXFileReference; fileEncoding = 4; lastKnownFileType = sourcecode.swift; path = "UIImage+RawBytes.swift"; sourceTree = "<group>"; };
/* End PBXFileReference section */

/* Begin PBXFrameworksBuildPhase section */
		4A02D9812C0080440061C1CC /* Frameworks */ = {
			isa = PBXFrameworksBuildPhase;
			buildActionMask = 2147483647;
			files = (
			);
			runOnlyForDeploymentPostprocessing = 0;
		};
/* End PBXFrameworksBuildPhase section */

/* Begin PBXGroup section */
		4A02D97B2C0080440061C1CC = {
			isa = PBXGroup;
			children = (
				4A02D9862C0080440061C1CC /* ImageSegmentation */,
				4A02D9852C0080440061C1CC /* Products */,
			);
			sourceTree = "<group>";
		};
		4A02D9852C0080440061C1CC /* Products */ = {
			isa = PBXGroup;
			children = (
				4A02D9842C0080440061C1CC /* ImageSegmentation.app */,
			);
			name = Products;
			sourceTree = "<group>";
		};
		4A02D9862C0080440061C1CC /* ImageSegmentation */ = {
			isa = PBXGroup;
			children = (
				4A02D9872C0080440061C1CC /* ImageSegmentationApp.swift */,
				4A02D9892C0080440061C1CC /* ContentView.swift */,
				4A32EB942C00B74300D5ADA3 /* CoreMLHelpers */,
				4A02D9952C0081C10061C1CC /* DeepLabV3.mlmodel */,
				4A02D98B2C0080450061C1CC /* Assets.xcassets */,
				4A02D98D2C0080450061C1CC /* Preview Content */,
			);
			path = ImageSegmentation;
			sourceTree = "<group>";
		};
		4A02D98D2C0080450061C1CC /* Preview Content */ = {
			isa = PBXGroup;
			children = (
				4A02D98E2C0080450061C1CC /* Preview Assets.xcassets */,
			);
			path = "Preview Content";
			sourceTree = "<group>";
		};
		4A32EB942C00B74300D5ADA3 /* CoreMLHelpers */ = {
			isa = PBXGroup;
			children = (
				4A32EB832C00B74300D5ADA3 /* Array+Extensions.swift */,
				4A32EB842C00B74300D5ADA3 /* CGImage+CVPixelBuffer.swift */,
				4A32EB852C00B74300D5ADA3 /* CGImage+RawBytes.swift */,
				4A32EB862C00B74300D5ADA3 /* CGImagePropertyOrientation.swift */,
				4A32EB872C00B74300D5ADA3 /* CoreML+Combine.swift */,
				4A32EB882C00B74300D5ADA3 /* CVPixelBuffer+Create.swift */,
				4A32EB892C00B74300D5ADA3 /* CVPixelBuffer+Resize.swift */,
				4A32EB8A2C00B74300D5ADA3 /* CVPixelBuffer+Rotate.swift */,
				4A32EB8B2C00B74300D5ADA3 /* Math.swift */,
				4A32EB8C2C00B74300D5ADA3 /* MLModel+Images.swift */,
				4A32EB8D2C00B74300D5ADA3 /* MLMultiArray+Helpers.swift */,
				4A32EB8E2C00B74300D5ADA3 /* MLMultiArray+Image.swift */,
				4A32EB8F2C00B74300D5ADA3 /* NonMaxSuppression.swift */,
				4A32EB902C00B74300D5ADA3 /* Predictions.swift */,
				4A32EB912C00B74300D5ADA3 /* UIImage+CVPixelBuffer.swift */,
				4A32EB922C00B74300D5ADA3 /* UIImage+Extensions.swift */,
				4A32EB932C00B74300D5ADA3 /* UIImage+RawBytes.swift */,
			);
			path = CoreMLHelpers;
			sourceTree = "<group>";
		};
/* End PBXGroup section */

/* Begin PBXNativeTarget section */
		4A02D9832C0080440061C1CC /* ImageSegmentation */ = {
			isa = PBXNativeTarget;
			buildConfigurationList = 4A02D9922C0080450061C1CC /* Build configuration list for PBXNativeTarget "ImageSegmentation" */;
			buildPhases = (
				4A02D9802C0080440061C1CC /* Sources */,
				4A02D9812C0080440061C1CC /* Frameworks */,
				4A02D9822C0080440061C1CC /* Resources */,
			);
			buildRules = (
			);
			dependencies = (
			);
			name = ImageSegmentation;
			productName = ImageSegmentation;
			productReference = 4A02D9842C0080440061C1CC /* ImageSegmentation.app */;
			productType = "com.apple.product-type.application";
		};
/* End PBXNativeTarget section */

/* Begin PBXProject section */
		4A02D97C2C0080440061C1CC /* Project object */ = {
			isa = PBXProject;
			attributes = {
				BuildIndependentTargetsInParallel = 1;
				LastSwiftUpdateCheck = 1540;
				LastUpgradeCheck = 1540;
				TargetAttributes = {
					4A02D9832C0080440061C1CC = {
						CreatedOnToolsVersion = 15.4;
					};
				};
			};
			buildConfigurationList = 4A02D97F2C0080440061C1CC /* Build configuration list for PBXProject "ImageSegmentation" */;
			compatibilityVersion = "Xcode 14.0";
			developmentRegion = en;
			hasScannedForEncodings = 0;
			knownRegions = (
				en,
				Base,
			);
			mainGroup = 4A02D97B2C0080440061C1CC;
			productRefGroup = 4A02D9852C0080440061C1CC /* Products */;
			projectDirPath = "";
			projectRoot = "";
			targets = (
				4A02D9832C0080440061C1CC /* ImageSegmentation */,
			);
		};
/* End PBXProject section */

/* Begin PBXResourcesBuildPhase section */
		4A02D9822C0080440061C1CC /* Resources */ = {
			isa = PBXResourcesBuildPhase;
			buildActionMask = 2147483647;
			files = (
				4A02D98F2C0080450061C1CC /* Preview Assets.xcassets in Resources */,
				4A02D98C2C0080450061C1CC /* Assets.xcassets in Resources */,
			);
			runOnlyForDeploymentPostprocessing = 0;
		};
/* End PBXResourcesBuildPhase section */

/* Begin PBXSourcesBuildPhase section */
		4A02D9802C0080440061C1CC /* Sources */ = {
			isa = PBXSourcesBuildPhase;
			buildActionMask = 2147483647;
			files = (
				4A32EB9F2C00B74300D5ADA3 /* MLMultiArray+Helpers.swift in Sources */,
				4A32EB962C00B74300D5ADA3 /* CGImage+CVPixelBuffer.swift in Sources */,
				4A32EBA52C00B74300D5ADA3 /* UIImage+RawBytes.swift in Sources */,
				4A32EB992C00B74300D5ADA3 /* CoreML+Combine.swift in Sources */,
				4A32EBA22C00B74300D5ADA3 /* Predictions.swift in Sources */,
				4A32EB9C2C00B74300D5ADA3 /* CVPixelBuffer+Rotate.swift in Sources */,
				4A02D9962C0081C10061C1CC /* DeepLabV3.mlmodel in Sources */,
				4A32EBA02C00B74300D5ADA3 /* MLMultiArray+Image.swift in Sources */,
				4A32EBA32C00B74300D5ADA3 /* UIImage+CVPixelBuffer.swift in Sources */,
				4A32EB9B2C00B74300D5ADA3 /* CVPixelBuffer+Resize.swift in Sources */,
				4A32EB9A2C00B74300D5ADA3 /* CVPixelBuffer+Create.swift in Sources */,
				4A32EB972C00B74300D5ADA3 /* CGImage+RawBytes.swift in Sources */,
				4A02D98A2C0080440061C1CC /* ContentView.swift in Sources */,
				4A02D9882C0080440061C1CC /* ImageSegmentationApp.swift in Sources */,
				4A32EB952C00B74300D5ADA3 /* Array+Extensions.swift in Sources */,
				4A32EB9E2C00B74300D5ADA3 /* MLModel+Images.swift in Sources */,
				4A32EB982C00B74300D5ADA3 /* CGImagePropertyOrientation.swift in Sources */,
				4A32EBA42C00B74300D5ADA3 /* UIImage+Extensions.swift in Sources */,
				4A32EBA12C00B74300D5ADA3 /* NonMaxSuppression.swift in Sources */,
				4A32EB9D2C00B74300D5ADA3 /* Math.swift in Sources */,
			);
			runOnlyForDeploymentPostprocessing = 0;
		};
/* End PBXSourcesBuildPhase section */

/* Begin XCBuildConfiguration section */
		4A02D9902C0080450061C1CC /* Debug */ = {
			isa = XCBuildConfiguration;
			buildSettings = {
				ALWAYS_SEARCH_USER_PATHS = NO;
				ASSETCATALOG_COMPILER_GENERATE_SWIFT_ASSET_SYMBOL_EXTENSIONS = YES;
				CLANG_ANALYZER_NONNULL = YES;
				CLANG_ANALYZER_NUMBER_OBJECT_CONVERSION = YES_AGGRESSIVE;
				CLANG_CXX_LANGUAGE_STANDARD = "gnu++20";
				CLANG_ENABLE_MODULES = YES;
				CLANG_ENABLE_OBJC_ARC = YES;
				CLANG_ENABLE_OBJC_WEAK = YES;
				CLANG_WARN_BLOCK_CAPTURE_AUTORELEASING = YES;
				CLANG_WARN_BOOL_CONVERSION = YES;
				CLANG_WARN_COMMA = YES;
				CLANG_WARN_CONSTANT_CONVERSION = YES;
				CLANG_WARN_DEPRECATED_OBJC_IMPLEMENTATIONS = YES;
				CLANG_WARN_DIRECT_OBJC_ISA_USAGE = YES_ERROR;
				CLANG_WARN_DOCUMENTATION_COMMENTS = YES;
				CLANG_WARN_EMPTY_BODY = YES;
				CLANG_WARN_ENUM_CONVERSION = YES;
				CLANG_WARN_INFINITE_RECURSION = YES;
				CLANG_WARN_INT_CONVERSION = YES;
				CLANG_WARN_NON_LITERAL_NULL_CONVERSION = YES;
				CLANG_WARN_OBJC_IMPLICIT_RETAIN_SELF = YES;
				CLANG_WARN_OBJC_LITERAL_CONVERSION = YES;
				CLANG_WARN_OBJC_ROOT_CLASS = YES_ERROR;
				CLANG_WARN_QUOTED_INCLUDE_IN_FRAMEWORK_HEADER = YES;
				CLANG_WARN_RANGE_LOOP_ANALYSIS = YES;
				CLANG_WARN_STRICT_PROTOTYPES = YES;
				CLANG_WARN_SUSPICIOUS_MOVE = YES;
				CLANG_WARN_UNGUARDED_AVAILABILITY = YES_AGGRESSIVE;
				CLANG_WARN_UNREACHABLE_CODE = YES;
				CLANG_WARN__DUPLICATE_METHOD_MATCH = YES;
				COPY_PHASE_STRIP = NO;
				DEBUG_INFORMATION_FORMAT = dwarf;
				ENABLE_STRICT_OBJC_MSGSEND = YES;
				ENABLE_TESTABILITY = YES;
				ENABLE_USER_SCRIPT_SANDBOXING = YES;
				GCC_C_LANGUAGE_STANDARD = gnu17;
				GCC_DYNAMIC_NO_PIC = NO;
				GCC_NO_COMMON_BLOCKS = YES;
				GCC_OPTIMIZATION_LEVEL = 0;
				GCC_PREPROCESSOR_DEFINITIONS = (
					"DEBUG=1",
					"$(inherited)",
				);
				GCC_WARN_64_TO_32_BIT_CONVERSION = YES;
				GCC_WARN_ABOUT_RETURN_TYPE = YES_ERROR;
				GCC_WARN_UNDECLARED_SELECTOR = YES;
				GCC_WARN_UNINITIALIZED_AUTOS = YES_AGGRESSIVE;
				GCC_WARN_UNUSED_FUNCTION = YES;
				GCC_WARN_UNUSED_VARIABLE = YES;
				IPHONEOS_DEPLOYMENT_TARGET = 17.5;
				LOCALIZATION_PREFERS_STRING_CATALOGS = YES;
				MTL_ENABLE_DEBUG_INFO = INCLUDE_SOURCE;
				MTL_FAST_MATH = YES;
				ONLY_ACTIVE_ARCH = YES;
				SDKROOT = iphoneos;
				SWIFT_ACTIVE_COMPILATION_CONDITIONS = "DEBUG $(inherited)";
				SWIFT_OPTIMIZATION_LEVEL = "-Onone";
			};
			name = Debug;
		};
		4A02D9912C0080450061C1CC /* Release */ = {
			isa = XCBuildConfiguration;
			buildSettings = {
				ALWAYS_SEARCH_USER_PATHS = NO;
				ASSETCATALOG_COMPILER_GENERATE_SWIFT_ASSET_SYMBOL_EXTENSIONS = YES;
				CLANG_ANALYZER_NONNULL = YES;
				CLANG_ANALYZER_NUMBER_OBJECT_CONVERSION = YES_AGGRESSIVE;
				CLANG_CXX_LANGUAGE_STANDARD = "gnu++20";
				CLANG_ENABLE_MODULES = YES;
				CLANG_ENABLE_OBJC_ARC = YES;
				CLANG_ENABLE_OBJC_WEAK = YES;
				CLANG_WARN_BLOCK_CAPTURE_AUTORELEASING = YES;
				CLANG_WARN_BOOL_CONVERSION = YES;
				CLANG_WARN_COMMA = YES;
				CLANG_WARN_CONSTANT_CONVERSION = YES;
				CLANG_WARN_DEPRECATED_OBJC_IMPLEMENTATIONS = YES;
				CLANG_WARN_DIRECT_OBJC_ISA_USAGE = YES_ERROR;
				CLANG_WARN_DOCUMENTATION_COMMENTS = YES;
				CLANG_WARN_EMPTY_BODY = YES;
				CLANG_WARN_ENUM_CONVERSION = YES;
				CLANG_WARN_INFINITE_RECURSION = YES;
				CLANG_WARN_INT_CONVERSION = YES;
				CLANG_WARN_NON_LITERAL_NULL_CONVERSION = YES;
				CLANG_WARN_OBJC_IMPLICIT_RETAIN_SELF = YES;
				CLANG_WARN_OBJC_LITERAL_CONVERSION = YES;
				CLANG_WARN_OBJC_ROOT_CLASS = YES_ERROR;
				CLANG_WARN_QUOTED_INCLUDE_IN_FRAMEWORK_HEADER = YES;
				CLANG_WARN_RANGE_LOOP_ANALYSIS = YES;
				CLANG_WARN_STRICT_PROTOTYPES = YES;
				CLANG_WARN_SUSPICIOUS_MOVE = YES;
				CLANG_WARN_UNGUARDED_AVAILABILITY = YES_AGGRESSIVE;
				CLANG_WARN_UNREACHABLE_CODE = YES;
				CLANG_WARN__DUPLICATE_METHOD_MATCH = YES;
				COPY_PHASE_STRIP = NO;
				DEBUG_INFORMATION_FORMAT = "dwarf-with-dsym";
				ENABLE_NS_ASSERTIONS = NO;
				ENABLE_STRICT_OBJC_MSGSEND = YES;
				ENABLE_USER_SCRIPT_SANDBOXING = YES;
				GCC_C_LANGUAGE_STANDARD = gnu17;
				GCC_NO_COMMON_BLOCKS = YES;
				GCC_WARN_64_TO_32_BIT_CONVERSION = YES;
				GCC_WARN_ABOUT_RETURN_TYPE = YES_ERROR;
				GCC_WARN_UNDECLARED_SELECTOR = YES;
				GCC_WARN_UNINITIALIZED_AUTOS = YES_AGGRESSIVE;
				GCC_WARN_UNUSED_FUNCTION = YES;
				GCC_WARN_UNUSED_VARIABLE = YES;
				IPHONEOS_DEPLOYMENT_TARGET = 17.5;
				LOCALIZATION_PREFERS_STRING_CATALOGS = YES;
				MTL_ENABLE_DEBUG_INFO = NO;
				MTL_FAST_MATH = YES;
				SDKROOT = iphoneos;
				SWIFT_COMPILATION_MODE = wholemodule;
				VALIDATE_PRODUCT = YES;
			};
			name = Release;
		};
		4A02D9932C0080450061C1CC /* Debug */ = {
			isa = XCBuildConfiguration;
			buildSettings = {
				ASSETCATALOG_COMPILER_APPICON_NAME = AppIcon;
				ASSETCATALOG_COMPILER_GLOBAL_ACCENT_COLOR_NAME = AccentColor;
				CODE_SIGN_STYLE = Automatic;
				CURRENT_PROJECT_VERSION = 1;
				DEVELOPMENT_ASSET_PATHS = "\"ImageSegmentation/Preview Content\"";
				DEVELOPMENT_TEAM = 96B293Z3Y9;
				ENABLE_PREVIEWS = YES;
				GENERATE_INFOPLIST_FILE = YES;
				INFOPLIST_KEY_UIApplicationSceneManifest_Generation = YES;
				INFOPLIST_KEY_UIApplicationSupportsIndirectInputEvents = YES;
				INFOPLIST_KEY_UILaunchScreen_Generation = YES;
				INFOPLIST_KEY_UISupportedInterfaceOrientations_iPad = "UIInterfaceOrientationPortrait UIInterfaceOrientationPortraitUpsideDown UIInterfaceOrientationLandscapeLeft UIInterfaceOrientationLandscapeRight";
				INFOPLIST_KEY_UISupportedInterfaceOrientations_iPhone = "UIInterfaceOrientationPortrait UIInterfaceOrientationLandscapeLeft UIInterfaceOrientationLandscapeRight";
				IPHONEOS_DEPLOYMENT_TARGET = 16.0;
				LD_RUNPATH_SEARCH_PATHS = (
					"$(inherited)",
					"@executable_path/Frameworks",
				);
				MARKETING_VERSION = 1.0;
				PRODUCT_BUNDLE_IDENTIFIER = mystic.ImageSegmentation;
				PRODUCT_NAME = "$(TARGET_NAME)";
				SWIFT_EMIT_LOC_STRINGS = YES;
				SWIFT_VERSION = 5.0;
				TARGETED_DEVICE_FAMILY = "1,2";
			};
			name = Debug;
		};
		4A02D9942C0080450061C1CC /* Release */ = {
			isa = XCBuildConfiguration;
			buildSettings = {
				ASSETCATALOG_COMPILER_APPICON_NAME = AppIcon;
				ASSETCATALOG_COMPILER_GLOBAL_ACCENT_COLOR_NAME = AccentColor;
				CODE_SIGN_STYLE = Automatic;
				CURRENT_PROJECT_VERSION = 1;
				DEVELOPMENT_ASSET_PATHS = "\"ImageSegmentation/Preview Content\"";
				DEVELOPMENT_TEAM = 96B293Z3Y9;
				ENABLE_PREVIEWS = YES;
				GENERATE_INFOPLIST_FILE = YES;
				INFOPLIST_KEY_UIApplicationSceneManifest_Generation = YES;
				INFOPLIST_KEY_UIApplicationSupportsIndirectInputEvents = YES;
				INFOPLIST_KEY_UILaunchScreen_Generation = YES;
				INFOPLIST_KEY_UISupportedInterfaceOrientations_iPad = "UIInterfaceOrientationPortrait UIInterfaceOrientationPortraitUpsideDown UIInterfaceOrientationLandscapeLeft UIInterfaceOrientationLandscapeRight";
				INFOPLIST_KEY_UISupportedInterfaceOrientations_iPhone = "UIInterfaceOrientationPortrait UIInterfaceOrientationLandscapeLeft UIInterfaceOrientationLandscapeRight";
				IPHONEOS_DEPLOYMENT_TARGET = 16.0;
				LD_RUNPATH_SEARCH_PATHS = (
					"$(inherited)",
					"@executable_path/Frameworks",
				);
				MARKETING_VERSION = 1.0;
				PRODUCT_BUNDLE_IDENTIFIER = mystic.ImageSegmentation;
				PRODUCT_NAME = "$(TARGET_NAME)";
				SWIFT_EMIT_LOC_STRINGS = YES;
				SWIFT_VERSION = 5.0;
				TARGETED_DEVICE_FAMILY = "1,2";
			};
			name = Release;
		};
/* End XCBuildConfiguration section */

/* Begin XCConfigurationList section */
		4A02D97F2C0080440061C1CC /* Build configuration list for PBXProject "ImageSegmentation" */ = {
			isa = XCConfigurationList;
			buildConfigurations = (
				4A02D9902C0080450061C1CC /* Debug */,
				4A02D9912C0080450061C1CC /* Release */,
			);
			defaultConfigurationIsVisible = 0;
			defaultConfigurationName = Release;
		};
		4A02D9922C0080450061C1CC /* Build configuration list for PBXNativeTarget "ImageSegmentation" */ = {
			isa = XCConfigurationList;
			buildConfigurations = (
				4A02D9932C0080450061C1CC /* Debug */,
				4A02D9942C0080450061C1CC /* Release */,
			);
			defaultConfigurationIsVisible = 0;
			defaultConfigurationName = Release;
		};
/* End XCConfigurationList section */
	};
	rootObject = 4A02D97C2C0080440061C1CC /* Project object */;
}
