// !$*UTF8*$!
{
	archiveVersion = 1;
	classes = {
	};
	objectVersion = 56;
	objects = {

/* Begin PBXBuildFile section */
		4A29D4B228F81B6800749DCD /* StyleTransferApp.swift in Sources */ = {isa = PBXBuildFile; fileRef = 4A29D4B128F81B6800749DCD /* StyleTransferApp.swift */; };
		4A29D4B428F81B6800749DCD /* ContentView.swift in Sources */ = {isa = PBXBuildFile; fileRef = 4A29D4B328F81B6800749DCD /* ContentView.swift */; };
		4A29D4B628F81B6C00749DCD /* Assets.xcassets in Resources */ = {isa = PBXBuildFile; fileRef = 4A29D4B528F81B6C00749DCD /* Assets.xcassets */; };
		4A29D4B928F81B6C00749DCD /* Preview Assets.xcassets in Resources */ = {isa = PBXBuildFile; fileRef = 4A29D4B828F81B6C00749DCD /* Preview Assets.xcassets */; };
		4A29D4C028F81B9100749DCD /* ImagePickerView.swift in Sources */ = {isa = PBXBuildFile; fileRef = 4A29D4BF28F81B9100749DCD /* ImagePickerView.swift */; };
		4A29D4C228F81E9F00749DCD /* StyleModel.swift in Sources */ = {isa = PBXBuildFile; fileRef = 4A29D4C128F81E9F00749DCD /* StyleModel.swift */; };
		4A86D4A928FBF67A00AE8BBA /* StyleTransferModel.mlmodel in Sources */ = {isa = PBXBuildFile; fileRef = 4A86D4A828FBF67A00AE8BBA /* StyleTransferModel.mlmodel */; };
		4AC2CEDE28FBDB9F005DDB0E /* Image.swift in Sources */ = {isa = PBXBuildFile; fileRef = 4AC2CEDD28FBDB9F005DDB0E /* Image.swift */; };
		4AC2CEE028FBE122005DDB0E /* Utils.swift in Sources */ = {isa = PBXBuildFile; fileRef = 4AC2CEDF28FBE122005DDB0E /* Utils.swift */; };
/* End PBXBuildFile section */

/* Begin PBXFileReference section */
		4A29D4AE28F81B6800749DCD /* StyleTransfer.app */ = {isa = PBXFileReference; explicitFileType = wrapper.application; includeInIndex = 0; path = StyleTransfer.app; sourceTree = BUILT_PRODUCTS_DIR; };
		4A29D4B128F81B6800749DCD /* StyleTransferApp.swift */ = {isa = PBXFileReference; lastKnownFileType = sourcecode.swift; path = StyleTransferApp.swift; sourceTree = "<group>"; };
		4A29D4B328F81B6800749DCD /* ContentView.swift */ = {isa = PBXFileReference; lastKnownFileType = sourcecode.swift; path = ContentView.swift; sourceTree = "<group>"; };
		4A29D4B528F81B6C00749DCD /* Assets.xcassets */ = {isa = PBXFileReference; lastKnownFileType = folder.assetcatalog; path = Assets.xcassets; sourceTree = "<group>"; };
		4A29D4B828F81B6C00749DCD /* Preview Assets.xcassets */ = {isa = PBXFileReference; lastKnownFileType = folder.assetcatalog; path = "Preview Assets.xcassets"; sourceTree = "<group>"; };
		4A29D4BF28F81B9100749DCD /* ImagePickerView.swift */ = {isa = PBXFileReference; lastKnownFileType = sourcecode.swift; path = ImagePickerView.swift; sourceTree = "<group>"; };
		4A29D4C128F81E9F00749DCD /* StyleModel.swift */ = {isa = PBXFileReference; lastKnownFileType = sourcecode.swift; path = StyleModel.swift; sourceTree = "<group>"; };
		4A86D4A828FBF67A00AE8BBA /* StyleTransferModel.mlmodel */ = {isa = PBXFileReference; lastKnownFileType = file.mlmodel; name = StyleTransferModel.mlmodel; path = "../../../../../PracticalAIwithSwift1stEd-Code/Chapter 8 - Augmentation/Image Style Transfer/NSTDemo-Complete/NSTDemo/StyleTransferModel.mlmodel"; sourceTree = "<group>"; };
		4AC2CEDD28FBDB9F005DDB0E /* Image.swift */ = {isa = PBXFileReference; lastKnownFileType = sourcecode.swift; path = Image.swift; sourceTree = "<group>"; };
		4AC2CEDF28FBE122005DDB0E /* Utils.swift */ = {isa = PBXFileReference; lastKnownFileType = sourcecode.swift; path = Utils.swift; sourceTree = "<group>"; };
/* End PBXFileReference section */

/* Begin PBXFrameworksBuildPhase section */
		4A29D4AB28F81B6800749DCD /* Frameworks */ = {
			isa = PBXFrameworksBuildPhase;
			buildActionMask = 2147483647;
			files = (
			);
			runOnlyForDeploymentPostprocessing = 0;
		};
/* End PBXFrameworksBuildPhase section */

/* Begin PBXGroup section */
		4A29D4A528F81B6800749DCD = {
			isa = PBXGroup;
			children = (
				4A29D4B028F81B6800749DCD /* StyleTransfer */,
				4A29D4AF28F81B6800749DCD /* Products */,
			);
			sourceTree = "<group>";
		};
		4A29D4AF28F81B6800749DCD /* Products */ = {
			isa = PBXGroup;
			children = (
				4A29D4AE28F81B6800749DCD /* StyleTransfer.app */,
			);
			name = Products;
			sourceTree = "<group>";
		};
		4A29D4B028F81B6800749DCD /* StyleTransfer */ = {
			isa = PBXGroup;
			children = (
				4A86D4A828FBF67A00AE8BBA /* StyleTransferModel.mlmodel */,
				4A29D4B128F81B6800749DCD /* StyleTransferApp.swift */,
				4A29D4B328F81B6800749DCD /* ContentView.swift */,
				4A29D4C128F81E9F00749DCD /* StyleModel.swift */,
				4AC2CEDD28FBDB9F005DDB0E /* Image.swift */,
				4AC2CEDF28FBE122005DDB0E /* Utils.swift */,
				4A29D4BF28F81B9100749DCD /* ImagePickerView.swift */,
				4A29D4B528F81B6C00749DCD /* Assets.xcassets */,
				4A29D4B728F81B6C00749DCD /* Preview Content */,
			);
			path = StyleTransfer;
			sourceTree = "<group>";
		};
		4A29D4B728F81B6C00749DCD /* Preview Content */ = {
			isa = PBXGroup;
			children = (
				4A29D4B828F81B6C00749DCD /* Preview Assets.xcassets */,
			);
			path = "Preview Content";
			sourceTree = "<group>";
		};
/* End PBXGroup section */

/* Begin PBXNativeTarget section */
		4A29D4AD28F81B6800749DCD /* StyleTransfer */ = {
			isa = PBXNativeTarget;
			buildConfigurationList = 4A29D4BC28F81B6C00749DCD /* Build configuration list for PBXNativeTarget "StyleTransfer" */;
			buildPhases = (
				4A29D4AA28F81B6800749DCD /* Sources */,
				4A29D4AB28F81B6800749DCD /* Frameworks */,
				4A29D4AC28F81B6800749DCD /* Resources */,
			);
			buildRules = (
			);
			dependencies = (
			);
			name = StyleTransfer;
			productName = StyleTransfer;
			productReference = 4A29D4AE28F81B6800749DCD /* StyleTransfer.app */;
			productType = "com.apple.product-type.application";
		};
/* End PBXNativeTarget section */

/* Begin PBXProject section */
		4A29D4A628F81B6800749DCD /* Project object */ = {
			isa = PBXProject;
			attributes = {
				BuildIndependentTargetsInParallel = 1;
				LastSwiftUpdateCheck = 1400;
				LastUpgradeCheck = 1400;
				TargetAttributes = {
					4A29D4AD28F81B6800749DCD = {
						CreatedOnToolsVersion = 14.0;
					};
				};
			};
			buildConfigurationList = 4A29D4A928F81B6800749DCD /* Build configuration list for PBXProject "StyleTransfer" */;
			compatibilityVersion = "Xcode 14.0";
			developmentRegion = en;
			hasScannedForEncodings = 0;
			knownRegions = (
				en,
				Base,
			);
			mainGroup = 4A29D4A528F81B6800749DCD;
			productRefGroup = 4A29D4AF28F81B6800749DCD /* Products */;
			projectDirPath = "";
			projectRoot = "";
			targets = (
				4A29D4AD28F81B6800749DCD /* StyleTransfer */,
			);
		};
/* End PBXProject section */

/* Begin PBXResourcesBuildPhase section */
		4A29D4AC28F81B6800749DCD /* Resources */ = {
			isa = PBXResourcesBuildPhase;
			buildActionMask = 2147483647;
			files = (
				4A29D4B928F81B6C00749DCD /* Preview Assets.xcassets in Resources */,
				4A29D4B628F81B6C00749DCD /* Assets.xcassets in Resources */,
			);
			runOnlyForDeploymentPostprocessing = 0;
		};
/* End PBXResourcesBuildPhase section */

/* Begin PBXSourcesBuildPhase section */
		4A29D4AA28F81B6800749DCD /* Sources */ = {
			isa = PBXSourcesBuildPhase;
			buildActionMask = 2147483647;
			files = (
				4A29D4B428F81B6800749DCD /* ContentView.swift in Sources */,
				4A86D4A928FBF67A00AE8BBA /* StyleTransferModel.mlmodel in Sources */,
				4A29D4C228F81E9F00749DCD /* StyleModel.swift in Sources */,
				4A29D4C028F81B9100749DCD /* ImagePickerView.swift in Sources */,
				4A29D4B228F81B6800749DCD /* StyleTransferApp.swift in Sources */,
				4AC2CEDE28FBDB9F005DDB0E /* Image.swift in Sources */,
				4AC2CEE028FBE122005DDB0E /* Utils.swift in Sources */,
			);
			runOnlyForDeploymentPostprocessing = 0;
		};
/* End PBXSourcesBuildPhase section */

/* Begin XCBuildConfiguration section */
		4A29D4BA28F81B6C00749DCD /* Debug */ = {
			isa = XCBuildConfiguration;
			buildSettings = {
				ALWAYS_SEARCH_USER_PATHS = NO;
				CLANG_ANALYZER_NONNULL = YES;
				CLANG_ANALYZER_NUMBER_OBJECT_CONVERSION = YES_AGGRESSIVE;
				CLANG_CXX_LANGUAGE_STANDARD = "gnu++20";
				CLANG_ENABLE_MODULES = YES;
				CLANG_ENABLE_OBJC_ARC = YES;
				CLANG_ENABLE_OBJC_WEAK = YES;
				CLANG_WARN_BLOCK_CAPTURE_AUTORELEASING = YES;
				CLANG_WARN_BOOL_CONVERSION = YES;
				CLANG_WARN_COMMA = YES;
				CLANG_WARN_CONSTANT_CONVERSION = YES;
				CLANG_WARN_DEPRECATED_OBJC_IMPLEMENTATIONS = YES;
				CLANG_WARN_DIRECT_OBJC_ISA_USAGE = YES_ERROR;
				CLANG_WARN_DOCUMENTATION_COMMENTS = YES;
				CLANG_WARN_EMPTY_BODY = YES;
				CLANG_WARN_ENUM_CONVERSION = YES;
				CLANG_WARN_INFINITE_RECURSION = YES;
				CLANG_WARN_INT_CONVERSION = YES;
				CLANG_WARN_NON_LITERAL_NULL_CONVERSION = YES;
				CLANG_WARN_OBJC_IMPLICIT_RETAIN_SELF = YES;
				CLANG_WARN_OBJC_LITERAL_CONVERSION = YES;
				CLANG_WARN_OBJC_ROOT_CLASS = YES_ERROR;
				CLANG_WARN_QUOTED_INCLUDE_IN_FRAMEWORK_HEADER = YES;
				CLANG_WARN_RANGE_LOOP_ANALYSIS = YES;
				CLANG_WARN_STRICT_PROTOTYPES = YES;
				CLANG_WARN_SUSPICIOUS_MOVE = YES;
				CLANG_WARN_UNGUARDED_AVAILABILITY = YES_AGGRESSIVE;
				CLANG_WARN_UNREACHABLE_CODE = YES;
				CLANG_WARN__DUPLICATE_METHOD_MATCH = YES;
				COPY_PHASE_STRIP = NO;
				DEBUG_INFORMATION_FORMAT = dwarf;
				ENABLE_STRICT_OBJC_MSGSEND = YES;
				ENABLE_TESTABILITY = YES;
				GCC_C_LANGUAGE_STANDARD = gnu11;
				GCC_DYNAMIC_NO_PIC = NO;
				GCC_NO_COMMON_BLOCKS = YES;
				GCC_OPTIMIZATION_LEVEL = 0;
				GCC_PREPROCESSOR_DEFINITIONS = (
					"DEBUG=1",
					"$(inherited)",
				);
				GCC_WARN_64_TO_32_BIT_CONVERSION = YES;
				GCC_WARN_ABOUT_RETURN_TYPE = YES_ERROR;
				GCC_WARN_UNDECLARED_SELECTOR = YES;
				GCC_WARN_UNINITIALIZED_AUTOS = YES_AGGRESSIVE;
				GCC_WARN_UNUSED_FUNCTION = YES;
				GCC_WARN_UNUSED_VARIABLE = YES;
				IPHONEOS_DEPLOYMENT_TARGET = 16.0;
				MTL_ENABLE_DEBUG_INFO = INCLUDE_SOURCE;
				MTL_FAST_MATH = YES;
				ONLY_ACTIVE_ARCH = YES;
				SDKROOT = iphoneos;
				SWIFT_ACTIVE_COMPILATION_CONDITIONS = DEBUG;
				SWIFT_OPTIMIZATION_LEVEL = "-Onone";
			};
			name = Debug;
		};
		4A29D4BB28F81B6C00749DCD /* Release */ = {
			isa = XCBuildConfiguration;
			buildSettings = {
				ALWAYS_SEARCH_USER_PATHS = NO;
				CLANG_ANALYZER_NONNULL = YES;
				CLANG_ANALYZER_NUMBER_OBJECT_CONVERSION = YES_AGGRESSIVE;
				CLANG_CXX_LANGUAGE_STANDARD = "gnu++20";
				CLANG_ENABLE_MODULES = YES;
				CLANG_ENABLE_OBJC_ARC = YES;
				CLANG_ENABLE_OBJC_WEAK = YES;
				CLANG_WARN_BLOCK_CAPTURE_AUTORELEASING = YES;
				CLANG_WARN_BOOL_CONVERSION = YES;
				CLANG_WARN_COMMA = YES;
				CLANG_WARN_CONSTANT_CONVERSION = YES;
				CLANG_WARN_DEPRECATED_OBJC_IMPLEMENTATIONS = YES;
				CLANG_WARN_DIRECT_OBJC_ISA_USAGE = YES_ERROR;
				CLANG_WARN_DOCUMENTATION_COMMENTS = YES;
				CLANG_WARN_EMPTY_BODY = YES;
				CLANG_WARN_ENUM_CONVERSION = YES;
				CLANG_WARN_INFINITE_RECURSION = YES;
				CLANG_WARN_INT_CONVERSION = YES;
				CLANG_WARN_NON_LITERAL_NULL_CONVERSION = YES;
				CLANG_WARN_OBJC_IMPLICIT_RETAIN_SELF = YES;
				CLANG_WARN_OBJC_LITERAL_CONVERSION = YES;
				CLANG_WARN_OBJC_ROOT_CLASS = YES_ERROR;
				CLANG_WARN_QUOTED_INCLUDE_IN_FRAMEWORK_HEADER = YES;
				CLANG_WARN_RANGE_LOOP_ANALYSIS = YES;
				CLANG_WARN_STRICT_PROTOTYPES = YES;
				CLANG_WARN_SUSPICIOUS_MOVE = YES;
				CLANG_WARN_UNGUARDED_AVAILABILITY = YES_AGGRESSIVE;
				CLANG_WARN_UNREACHABLE_CODE = YES;
				CLANG_WARN__DUPLICATE_METHOD_MATCH = YES;
				COPY_PHASE_STRIP = NO;
				DEBUG_INFORMATION_FORMAT = "dwarf-with-dsym";
				ENABLE_NS_ASSERTIONS = NO;
				ENABLE_STRICT_OBJC_MSGSEND = YES;
				GCC_C_LANGUAGE_STANDARD = gnu11;
				GCC_NO_COMMON_BLOCKS = YES;
				GCC_WARN_64_TO_32_BIT_CONVERSION = YES;
				GCC_WARN_ABOUT_RETURN_TYPE = YES_ERROR;
				GCC_WARN_UNDECLARED_SELECTOR = YES;
				GCC_WARN_UNINITIALIZED_AUTOS = YES_AGGRESSIVE;
				GCC_WARN_UNUSED_FUNCTION = YES;
				GCC_WARN_UNUSED_VARIABLE = YES;
				IPHONEOS_DEPLOYMENT_TARGET = 16.0;
				MTL_ENABLE_DEBUG_INFO = NO;
				MTL_FAST_MATH = YES;
				SDKROOT = iphoneos;
				SWIFT_COMPILATION_MODE = wholemodule;
				SWIFT_OPTIMIZATION_LEVEL = "-O";
				VALIDATE_PRODUCT = YES;
			};
			name = Release;
		};
		4A29D4BD28F81B6C00749DCD /* Debug */ = {
			isa = XCBuildConfiguration;
			buildSettings = {
				ASSETCATALOG_COMPILER_APPICON_NAME = AppIcon;
				ASSETCATALOG_COMPILER_GLOBAL_ACCENT_COLOR_NAME = AccentColor;
				CODE_SIGN_STYLE = Automatic;
				CURRENT_PROJECT_VERSION = 1;
				DEVELOPMENT_ASSET_PATHS = "\"StyleTransfer/Preview Content\"";
				DEVELOPMENT_TEAM = 96B293Z3Y9;
				ENABLE_PREVIEWS = YES;
				GENERATE_INFOPLIST_FILE = YES;
				INFOPLIST_KEY_UIApplicationSceneManifest_Generation = YES;
				INFOPLIST_KEY_UIApplicationSupportsIndirectInputEvents = YES;
				INFOPLIST_KEY_UILaunchScreen_Generation = YES;
				INFOPLIST_KEY_UISupportedInterfaceOrientations_iPad = "UIInterfaceOrientationPortrait UIInterfaceOrientationPortraitUpsideDown UIInterfaceOrientationLandscapeLeft UIInterfaceOrientationLandscapeRight";
				INFOPLIST_KEY_UISupportedInterfaceOrientations_iPhone = "UIInterfaceOrientationPortrait UIInterfaceOrientationLandscapeLeft UIInterfaceOrientationLandscapeRight";
				LD_RUNPATH_SEARCH_PATHS = (
					"$(inherited)",
					"@executable_path/Frameworks",
				);
				MARKETING_VERSION = 1.0;
				PRODUCT_BUNDLE_IDENTIFIER = mystic.StyleTransfer;
				PRODUCT_NAME = "$(TARGET_NAME)";
				SWIFT_EMIT_LOC_STRINGS = YES;
				SWIFT_VERSION = 5.0;
				TARGETED_DEVICE_FAMILY = "1,2";
			};
			name = Debug;
		};
		4A29D4BE28F81B6C00749DCD /* Release */ = {
			isa = XCBuildConfiguration;
			buildSettings = {
				ASSETCATALOG_COMPILER_APPICON_NAME = AppIcon;
				ASSETCATALOG_COMPILER_GLOBAL_ACCENT_COLOR_NAME = AccentColor;
				CODE_SIGN_STYLE = Automatic;
				CURRENT_PROJECT_VERSION = 1;
				DEVELOPMENT_ASSET_PATHS = "\"StyleTransfer/Preview Content\"";
				DEVELOPMENT_TEAM = 96B293Z3Y9;
				ENABLE_PREVIEWS = YES;
				GENERATE_INFOPLIST_FILE = YES;
				INFOPLIST_KEY_UIApplicationSceneManifest_Generation = YES;
				INFOPLIST_KEY_UIApplicationSupportsIndirectInputEvents = YES;
				INFOPLIST_KEY_UILaunchScreen_Generation = YES;
				INFOPLIST_KEY_UISupportedInterfaceOrientations_iPad = "UIInterfaceOrientationPortrait UIInterfaceOrientationPortraitUpsideDown UIInterfaceOrientationLandscapeLeft UIInterfaceOrientationLandscapeRight";
				INFOPLIST_KEY_UISupportedInterfaceOrientations_iPhone = "UIInterfaceOrientationPortrait UIInterfaceOrientationLandscapeLeft UIInterfaceOrientationLandscapeRight";
				LD_RUNPATH_SEARCH_PATHS = (
					"$(inherited)",
					"@executable_path/Frameworks",
				);
				MARKETING_VERSION = 1.0;
				PRODUCT_BUNDLE_IDENTIFIER = mystic.StyleTransfer;
				PRODUCT_NAME = "$(TARGET_NAME)";
				SWIFT_EMIT_LOC_STRINGS = YES;
				SWIFT_VERSION = 5.0;
				TARGETED_DEVICE_FAMILY = "1,2";
			};
			name = Release;
		};
/* End XCBuildConfiguration section */

/* Begin XCConfigurationList section */
		4A29D4A928F81B6800749DCD /* Build configuration list for PBXProject "StyleTransfer" */ = {
			isa = XCConfigurationList;
			buildConfigurations = (
				4A29D4BA28F81B6C00749DCD /* Debug */,
				4A29D4BB28F81B6C00749DCD /* Release */,
			);
			defaultConfigurationIsVisible = 0;
			defaultConfigurationName = Release;
		};
		4A29D4BC28F81B6C00749DCD /* Build configuration list for PBXNativeTarget "StyleTransfer" */ = {
			isa = XCConfigurationList;
			buildConfigurations = (
				4A29D4BD28F81B6C00749DCD /* Debug */,
				4A29D4BE28F81B6C00749DCD /* Release */,
			);
			defaultConfigurationIsVisible = 0;
			defaultConfigurationName = Release;
		};
/* End XCConfigurationList section */
	};
	rootObject = 4A29D4A628F81B6800749DCD /* Project object */;
}
